
Microsoft Visual Studio Solution File, Format Version 12.00
# Visual Studio Version 17
VisualStudioVersion = 17.3.32922.545
MinimumVisualStudioVersion = 10.0.40219.1
Project("{FAE04EC0-301F-11D3-BF4B-00C04F79EFBC}") = "e-Tickets", "e-Tickets\e-Tickets.csproj", "{D1C829C6-D4D8-4111-BD75-BCC9ACE22EED}"
EndProject
Global
	GlobalSection(SolutionConfigurationPlatforms) = preSolution
		Debug|Any CPU = Debug|Any CPU
		Release|Any CPU = Release|Any CPU
	EndGlobalSection
	GlobalSection(ProjectConfigurationPlatforms) = postSolution
		{D1C829C6-D4D8-4111-BD75-BCC9ACE22EED}.Debug|Any CPU.ActiveCfg = Debug|Any CPU
		{D1C829C6-D4D8-4111-BD75-BCC9ACE22EED}.Debug|Any CPU.Build.0 = Debug|Any CPU
		{D1C829C6-D4D8-4111-BD75-BCC9ACE22EED}.Release|Any CPU.ActiveCfg = Release|Any CPU
		{D1C829C6-D4D8-4111-BD75-BCC9ACE22EED}.Release|Any CPU.Build.0 = Release|Any CPU
	EndGlobalSection
	GlobalSection(SolutionProperties) = preSolution
		HideSolutionNode = FALSE
	EndGlobalSection
	GlobalSection(ExtensibilityGlobals) = postSolution
		SolutionGuid = {51BEA4B5-BFEC-48FD-96EA-8B30D70FF56C}
	EndGlobalSection
EndGlobal
